# This file is automatically @generated by Cargo.
# It is not intended for manual editing.
version = 4

[[package]]
name = "myapp-api"
version = "0.1.0"
dependencies = [
 "myapp-core",
 "myapp-utils",
]

[[package]]
name = "myapp-cli"
version = "0.1.0"
dependencies = [
 "myapp-client",
 "myapp-core",
]

[[package]]
name = "myapp-client"
version = "0.1.0"
dependencies = [
 "myapp-api",
 "myapp-utils",
]

[[package]]
name = "myapp-core"
version = "0.1.0"

[[package]]
name = "myapp-utils"
version = "0.1.0"
